
Microsoft Visual Studio Solution File, Format Version 12.00
# Visual Studio 15
VisualStudioVersion = 15.0.26430.4
MinimumVisualStudioVersion = 10.0.40219.1
Project("{8BC9CEB8-8B4A-11D0-8D11-00A0C91BC942}") = "PladeParser", "build\PladeParser.vcxproj", "{EECA6185-D1AF-017B-B143-7B362D20DD9C}"
EndProject
Project("{8BC9CEB8-8B4A-11D0-8D11-00A0C91BC942}") = "PladeSimilar", "build\PladeSimilar.vcxproj", "{ADE408D7-36B6-D61D-F78C-3981510C2333}"
EndProject
Global
	GlobalSection(SolutionConfigurationPlatforms) = preSolution
		Debug|Any CPU = Debug|Any CPU
		Debug|x64 = Debug|x64
		Debug|x86 = Debug|x86
		Release|Any CPU = Release|Any CPU
		Release|x64 = Release|x64
		Release|x86 = Release|x86
	EndGlobalSection
	GlobalSection(ProjectConfigurationPlatforms) = postSolution
		{EECA6185-D1AF-017B-B143-7B362D20DD9C}.Debug|Any CPU.ActiveCfg = Debug|x64
		{EECA6185-D1AF-017B-B143-7B362D20DD9C}.Debug|x64.ActiveCfg = Debug|x64
		{EECA6185-D1AF-017B-B143-7B362D20DD9C}.Debug|x64.Build.0 = Debug|x64
		{EECA6185-D1AF-017B-B143-7B362D20DD9C}.Debug|x86.ActiveCfg = Debug|x64
		{EECA6185-D1AF-017B-B143-7B362D20DD9C}.Release|Any CPU.ActiveCfg = Release|x64
		{EECA6185-D1AF-017B-B143-7B362D20DD9C}.Release|x64.ActiveCfg = Release|x64
		{EECA6185-D1AF-017B-B143-7B362D20DD9C}.Release|x64.Build.0 = Release|x64
		{EECA6185-D1AF-017B-B143-7B362D20DD9C}.Release|x86.ActiveCfg = Release|x64
		{ADE408D7-36B6-D61D-F78C-3981510C2333}.Debug|Any CPU.ActiveCfg = Debug|x64
		{ADE408D7-36B6-D61D-F78C-3981510C2333}.Debug|x64.ActiveCfg = Debug|x64
		{ADE408D7-36B6-D61D-F78C-3981510C2333}.Debug|x64.Build.0 = Debug|x64
		{ADE408D7-36B6-D61D-F78C-3981510C2333}.Debug|x86.ActiveCfg = Debug|x64
		{ADE408D7-36B6-D61D-F78C-3981510C2333}.Release|Any CPU.ActiveCfg = Release|x64
		{ADE408D7-36B6-D61D-F78C-3981510C2333}.Release|x64.ActiveCfg = Release|x64
		{ADE408D7-36B6-D61D-F78C-3981510C2333}.Release|x64.Build.0 = Release|x64
		{ADE408D7-36B6-D61D-F78C-3981510C2333}.Release|x86.ActiveCfg = Release|x64
	EndGlobalSection
	GlobalSection(SolutionProperties) = preSolution
		HideSolutionNode = FALSE
	EndGlobalSection
EndGlobal
